
Microsoft Visual Studio Solution File, Format Version 12.00
# Visual Studio Version 17
VisualStudioVersion = 17.4.33205.214
MinimumVisualStudioVersion = 10.0.40219.1
Project("{00D1A9C2-B5F0-4AF3-8072-F6C62B433612}") = "HotelAppDB", "HotelAppDB\HotelAppDB.sqlproj", "{29F692C3-D447-4C3F-A45B-0260759544D6}"
EndProject
Project("{9A19103F-16F7-4668-BE54-9A1E7A4F7556}") = "HotelAppLibrary", "HotelAppLibrary\HotelAppLibrary.csproj", "{BE11B322-F0A0-4A78-9E69-FA85988C391D}"
EndProject
Project("{9A19103F-16F7-4668-BE54-9A1E7A4F7556}") = "HotelApp.Web", "HotelApp.Web\HotelApp.Web.csproj", "{901C3A41-E0CE-4E09-8C7D-A7A7DF89AC27}"
EndProject
Project("{FAE04EC0-301F-11D3-BF4B-00C04F79EFBC}") = "HotelApp.Desktop", "HotelApp.Desktop\HotelApp.Desktop.csproj", "{645C462C-9747-472D-8A9E-9533F7B8B77D}"
EndProject
Global
	GlobalSection(SolutionConfigurationPlatforms) = preSolution
		Debug|Any CPU = Debug|Any CPU
		Release|Any CPU = Release|Any CPU
	EndGlobalSection
	GlobalSection(ProjectConfigurationPlatforms) = postSolution
		{29F692C3-D447-4C3F-A45B-0260759544D6}.Debug|Any CPU.ActiveCfg = Debug|Any CPU
		{29F692C3-D447-4C3F-A45B-0260759544D6}.Debug|Any CPU.Build.0 = Debug|Any CPU
		{29F692C3-D447-4C3F-A45B-0260759544D6}.Debug|Any CPU.Deploy.0 = Debug|Any CPU
		{29F692C3-D447-4C3F-A45B-0260759544D6}.Release|Any CPU.ActiveCfg = Release|Any CPU
		{29F692C3-D447-4C3F-A45B-0260759544D6}.Release|Any CPU.Build.0 = Release|Any CPU
		{29F692C3-D447-4C3F-A45B-0260759544D6}.Release|Any CPU.Deploy.0 = Release|Any CPU
		{BE11B322-F0A0-4A78-9E69-FA85988C391D}.Debug|Any CPU.ActiveCfg = Debug|Any CPU
		{BE11B322-F0A0-4A78-9E69-FA85988C391D}.Debug|Any CPU.Build.0 = Debug|Any CPU
		{BE11B322-F0A0-4A78-9E69-FA85988C391D}.Release|Any CPU.ActiveCfg = Release|Any CPU
		{BE11B322-F0A0-4A78-9E69-FA85988C391D}.Release|Any CPU.Build.0 = Release|Any CPU
		{901C3A41-E0CE-4E09-8C7D-A7A7DF89AC27}.Debug|Any CPU.ActiveCfg = Debug|Any CPU
		{901C3A41-E0CE-4E09-8C7D-A7A7DF89AC27}.Debug|Any CPU.Build.0 = Debug|Any CPU
		{901C3A41-E0CE-4E09-8C7D-A7A7DF89AC27}.Release|Any CPU.ActiveCfg = Release|Any CPU
		{901C3A41-E0CE-4E09-8C7D-A7A7DF89AC27}.Release|Any CPU.Build.0 = Release|Any CPU
		{645C462C-9747-472D-8A9E-9533F7B8B77D}.Debug|Any CPU.ActiveCfg = Debug|Any CPU
		{645C462C-9747-472D-8A9E-9533F7B8B77D}.Debug|Any CPU.Build.0 = Debug|Any CPU
		{645C462C-9747-472D-8A9E-9533F7B8B77D}.Release|Any CPU.ActiveCfg = Release|Any CPU
		{645C462C-9747-472D-8A9E-9533F7B8B77D}.Release|Any CPU.Build.0 = Release|Any CPU
	EndGlobalSection
	GlobalSection(SolutionProperties) = preSolution
		HideSolutionNode = FALSE
	EndGlobalSection
	GlobalSection(ExtensibilityGlobals) = postSolution
		SolutionGuid = {F6FC287F-ECDD-479D-AB72-AF715816EFBC}
	EndGlobalSection
EndGlobal
